
Microsoft Visual Studio Solution File, Format Version 12.00
# Visual Studio Version 16
VisualStudioVersion = 16.0.32901.82
MinimumVisualStudioVersion = 10.0.40219.1
Project("{FAE04EC0-301F-11D3-BF4B-00C04F79EFBC}") = "PharmacyManagementSystem", "PharmacyManagementSystem.csproj", "{916B5784-A16F-43A5-9289-3F276DC342E2}"
EndProject
Global
	GlobalSection(SolutionConfigurationPlatforms) = preSolution
		Debug|Any CPU = Debug|Any CPU
		Release|Any CPU = Release|Any CPU
	EndGlobalSection
	GlobalSection(ProjectConfigurationPlatforms) = postSolution
		{916B5784-A16F-43A5-9289-3F276DC342E2}.Debug|Any CPU.ActiveCfg = Debug|Any CPU
		{916B5784-A16F-43A5-9289-3F276DC342E2}.Debug|Any CPU.Build.0 = Debug|Any CPU
		{916B5784-A16F-43A5-9289-3F276DC342E2}.Release|Any CPU.ActiveCfg = Release|Any CPU
		{916B5784-A16F-43A5-9289-3F276DC342E2}.Release|Any CPU.Build.0 = Release|Any CPU
	EndGlobalSection
	GlobalSection(SolutionProperties) = preSolution
		HideSolutionNode = FALSE
	EndGlobalSection
	GlobalSection(ExtensibilityGlobals) = postSolution
		SolutionGuid = {AE67E548-C881-4663-B33D-6AE0EB16C54D}
	EndGlobalSection
EndGlobal
